{
    "name": "lowww",
    "requires": true,
    "lockfileVersion": 1,
    "dependencies": {
        "@types/estree": {
            "version": "0.0.38",
            "resolved": "https://registry.npmjs.org/@types/estree/-/estree-0.0.38.tgz",
            "integrity": "sha512-F/v7t1LwS4vnXuPooJQGBRKRGIoxWUTmA4VHfqjOccFsNDThD5bfUNpITive6s352O7o384wcpEaDV8rHCehDA==",
            "dev": true
        },
        "@types/node": {
            "version": "9.6.6",
            "resolved": "https://registry.npmjs.org/@types/node/-/node-9.6.6.tgz",
            "integrity": "sha512-SJe0g5cZeGNDP5sD8mIX3scb+eq8LQQZ60FXiKZHipYSeEFZ5EKml+NNMiO76F74TY4PoMWlNxF/YRY40FOvZQ==",
            "dev": true
        },
        "rollup": {
            "version": "0.58.2",
            "resolved": "https://registry.npmjs.org/rollup/-/rollup-0.58.2.tgz",
            "integrity": "sha512-RZVvCWm9BHOYloaE6LLiE/ibpjv1CmI8F8k0B0Cp+q1eezo3cswszJH1DN0djgzSlo0hjuuCmyeI+1XOYLl4wg==",
            "dev": true,
            "requires": {
                "@types/estree": "0.0.38",
                "@types/node": "9.6.6"
            }
        }
    }
}
